
Microsoft Visual Studio Solution File, Format Version 12.00
# Visual Studio Version 16
VisualStudioVersion = 16.0.29806.167
MinimumVisualStudioVersion = 10.0.40219.1
Project("{FAE04EC0-301F-11D3-BF4B-00C04F79EFBC}") = "GaiWcfService", "GaiWcfService\GaiWcfService.csproj", "{1C685FC4-6EE1-4A51-B19A-5520D9E63DC1}"
EndProject
Project("{FAE04EC0-301F-11D3-BF4B-00C04F79EFBC}") = "Client", "Client\Client.csproj", "{DB86369B-7FFD-4AB0-8FBC-F2C171752798}"
	ProjectSection(ProjectDependencies) = postProject
		{1C685FC4-6EE1-4A51-B19A-5520D9E63DC1} = {1C685FC4-6EE1-4A51-B19A-5520D9E63DC1}
	EndProjectSection
EndProject
Project("{FAE04EC0-301F-11D3-BF4B-00C04F79EFBC}") = "WcfServiceHost", "WcfServiceHost\WcfServiceHost.csproj", "{8CAB7E0E-6B64-4099-96CA-94488568C87C}"
EndProject
Global
	GlobalSection(SolutionConfigurationPlatforms) = preSolution
		Debug|Any CPU = Debug|Any CPU
		Debug|x64 = Debug|x64
		Debug|x86 = Debug|x86
		Release|Any CPU = Release|Any CPU
		Release|x64 = Release|x64
		Release|x86 = Release|x86
	EndGlobalSection
	GlobalSection(ProjectConfigurationPlatforms) = postSolution
		{1C685FC4-6EE1-4A51-B19A-5520D9E63DC1}.Debug|Any CPU.ActiveCfg = Debug|Any CPU
		{1C685FC4-6EE1-4A51-B19A-5520D9E63DC1}.Debug|Any CPU.Build.0 = Debug|Any CPU
		{1C685FC4-6EE1-4A51-B19A-5520D9E63DC1}.Debug|x64.ActiveCfg = Debug|Any CPU
		{1C685FC4-6EE1-4A51-B19A-5520D9E63DC1}.Debug|x64.Build.0 = Debug|Any CPU
		{1C685FC4-6EE1-4A51-B19A-5520D9E63DC1}.Debug|x86.ActiveCfg = Debug|Any CPU
		{1C685FC4-6EE1-4A51-B19A-5520D9E63DC1}.Debug|x86.Build.0 = Debug|Any CPU
		{1C685FC4-6EE1-4A51-B19A-5520D9E63DC1}.Release|Any CPU.ActiveCfg = Release|Any CPU
		{1C685FC4-6EE1-4A51-B19A-5520D9E63DC1}.Release|Any CPU.Build.0 = Release|Any CPU
		{1C685FC4-6EE1-4A51-B19A-5520D9E63DC1}.Release|x64.ActiveCfg = Release|Any CPU
		{1C685FC4-6EE1-4A51-B19A-5520D9E63DC1}.Release|x64.Build.0 = Release|Any CPU
		{1C685FC4-6EE1-4A51-B19A-5520D9E63DC1}.Release|x86.ActiveCfg = Release|Any CPU
		{1C685FC4-6EE1-4A51-B19A-5520D9E63DC1}.Release|x86.Build.0 = Release|Any CPU
		{DB86369B-7FFD-4AB0-8FBC-F2C171752798}.Debug|Any CPU.ActiveCfg = Debug|Any CPU
		{DB86369B-7FFD-4AB0-8FBC-F2C171752798}.Debug|Any CPU.Build.0 = Debug|Any CPU
		{DB86369B-7FFD-4AB0-8FBC-F2C171752798}.Debug|x64.ActiveCfg = Debug|Any CPU
		{DB86369B-7FFD-4AB0-8FBC-F2C171752798}.Debug|x64.Build.0 = Debug|Any CPU
		{DB86369B-7FFD-4AB0-8FBC-F2C171752798}.Debug|x86.ActiveCfg = Debug|Any CPU
		{DB86369B-7FFD-4AB0-8FBC-F2C171752798}.Debug|x86.Build.0 = Debug|Any CPU
		{DB86369B-7FFD-4AB0-8FBC-F2C171752798}.Release|Any CPU.ActiveCfg = Release|Any CPU
		{DB86369B-7FFD-4AB0-8FBC-F2C171752798}.Release|Any CPU.Build.0 = Release|Any CPU
		{DB86369B-7FFD-4AB0-8FBC-F2C171752798}.Release|x64.ActiveCfg = Release|Any CPU
		{DB86369B-7FFD-4AB0-8FBC-F2C171752798}.Release|x64.Build.0 = Release|Any CPU
		{DB86369B-7FFD-4AB0-8FBC-F2C171752798}.Release|x86.ActiveCfg = Release|Any CPU
		{DB86369B-7FFD-4AB0-8FBC-F2C171752798}.Release|x86.Build.0 = Release|Any CPU
		{8CAB7E0E-6B64-4099-96CA-94488568C87C}.Debug|Any CPU.ActiveCfg = Debug|Any CPU
		{8CAB7E0E-6B64-4099-96CA-94488568C87C}.Debug|Any CPU.Build.0 = Debug|Any CPU
		{8CAB7E0E-6B64-4099-96CA-94488568C87C}.Debug|x64.ActiveCfg = Debug|Any CPU
		{8CAB7E0E-6B64-4099-96CA-94488568C87C}.Debug|x64.Build.0 = Debug|Any CPU
		{8CAB7E0E-6B64-4099-96CA-94488568C87C}.Debug|x86.ActiveCfg = Debug|Any CPU
		{8CAB7E0E-6B64-4099-96CA-94488568C87C}.Debug|x86.Build.0 = Debug|Any CPU
		{8CAB7E0E-6B64-4099-96CA-94488568C87C}.Release|Any CPU.ActiveCfg = Release|Any CPU
		{8CAB7E0E-6B64-4099-96CA-94488568C87C}.Release|Any CPU.Build.0 = Release|Any CPU
		{8CAB7E0E-6B64-4099-96CA-94488568C87C}.Release|x64.ActiveCfg = Release|Any CPU
		{8CAB7E0E-6B64-4099-96CA-94488568C87C}.Release|x64.Build.0 = Release|Any CPU
		{8CAB7E0E-6B64-4099-96CA-94488568C87C}.Release|x86.ActiveCfg = Release|Any CPU
		{8CAB7E0E-6B64-4099-96CA-94488568C87C}.Release|x86.Build.0 = Release|Any CPU
	EndGlobalSection
	GlobalSection(SolutionProperties) = preSolution
		HideSolutionNode = FALSE
	EndGlobalSection
	GlobalSection(ExtensibilityGlobals) = postSolution
		SolutionGuid = {F417DDCE-A321-4F2D-ADFA-93D9C8B36176}
	EndGlobalSection
EndGlobal
